{
  "name": "mali-utils",
  "version": "1.0.3",
  "lockfileVersion": 3,
  "requires": true,
  "packages": {
    "": {
      "name": "mali-utils",
      "version": "1.0.3",
      "license": "ISC",
      "dependencies": {
        "@iconify/iconify": "^3.1.1",
        "base-64": "^1.0.0",
        "sweetalert2": "^11.26.23"
      }
    },
    "node_modules/@iconify/iconify": {
      "version": "3.1.1",
      "resolved": "https://registry.npmjs.org/@iconify/iconify/-/iconify-3.1.1.tgz",
      "integrity": "sha512-1nemfyD/OJzh9ALepH7YfuuP8BdEB24Skhd8DXWh0hzcOxImbb1ZizSZkpCzAwSZSGcJFmscIBaBQu+yLyWaxQ==",
      "deprecated": "no longer maintained, switch to modern iconify-icon web component",
      "license": "MIT",
      "dependencies": {
        "@iconify/types": "^2.0.0"
      },
      "funding": {
        "url": "https://github.com/sponsors/cyberalien"
      }
    },
    "node_modules/@iconify/types": {
      "version": "2.0.0",
      "resolved": "https://registry.npmjs.org/@iconify/types/-/types-2.0.0.tgz",
      "integrity": "sha512-+wluvCrRhXrhyOmRDJ3q8mux9JkKy5SJ/v8ol2tu4FVjyYvtEzkc/3pK15ET6RKg4b4w4BmTk1+gsCUhf21Ykg==",
      "license": "MIT"
    },
    "node_modules/base-64": {
      "version": "1.0.0",
      "resolved": "https://registry.npmjs.org/base-64/-/base-64-1.0.0.tgz",
      "integrity": "sha512-kwDPIFCGx0NZHog36dj+tHiwP4QMzsZ3AgMViUBKI0+V5n4U0ufTCUMhnQ04diaRI8EX/QcPfql7zlhZ7j4zgg=="
    },
    "node_modules/sweetalert2": {
      "version": "11.26.23",
      "resolved": "https://registry.npmjs.org/sweetalert2/-/sweetalert2-11.26.23.tgz",
      "integrity": "sha512-6Y6Auvk/gLUcVtPHWhDkJs+JCDraxAWNdITdIbOqeo3mZthVZT3XfDjrxcSHtElUz7DmF21oEqUCW2eWR15eDA==",
      "license": "MIT",
      "funding": {
        "type": "individual",
        "url": "https://github.com/sponsors/limonte"
      }
    }
  }
}
